// !$*UTF8*$!
{
	archiveVersion = 1;
	classes = {
	};
	objectVersion = 56;
	objects = {

/* Begin PBXBuildFile section */
		C5CD981C2B075CC5003D7E3B /* AppDelegate.swift in Sources */ = {isa = PBXBuildFile; fileRef = C5CD981B2B075CC5003D7E3B /* AppDelegate.swift */; };
		C5CD981E2B075CC5003D7E3B /* SceneDelegate.swift in Sources */ = {isa = PBXBuildFile; fileRef = C5CD981D2B075CC5003D7E3B /* SceneDelegate.swift */; };
		C5CD98202B075CC5003D7E3B /* DetailsViewController.swift in Sources */ = {isa = PBXBuildFile; fileRef = C5CD981F2B075CC5003D7E3B /* DetailsViewController.swift */; };
		C5CD98232B075CC5003D7E3B /* Main.storyboard in Resources */ = {isa = PBXBuildFile; fileRef = C5CD98212B075CC5003D7E3B /* Main.storyboard */; };
		C5CD98252B075CC7003D7E3B /* Assets.xcassets in Resources */ = {isa = PBXBuildFile; fileRef = C5CD98242B075CC7003D7E3B /* Assets.xcassets */; };
		C5CD98282B075CC7003D7E3B /* LaunchScreen.storyboard in Resources */ = {isa = PBXBuildFile; fileRef = C5CD98262B075CC7003D7E3B /* LaunchScreen.storyboard */; };
		C5CD98312B075CF7003D7E3B /* Drink.swift in Sources */ = {isa = PBXBuildFile; fileRef = C5CD98302B075CF7003D7E3B /* Drink.swift */; };
		C5CD98342B07625B003D7E3B /* NetworkManager.swift in Sources */ = {isa = PBXBuildFile; fileRef = C5CD98332B07625B003D7E3B /* NetworkManager.swift */; };
		C5CD983D2B079146003D7E3B /* CustomCell.swift in Sources */ = {isa = PBXBuildFile; fileRef = C5CD983C2B079146003D7E3B /* CustomCell.swift */; };
		C5CD983F2B079472003D7E3B /* MargaritesTableViewController.swift in Sources */ = {isa = PBXBuildFile; fileRef = C5CD983E2B079472003D7E3B /* MargaritesTableViewController.swift */; };
		C5CD98412B08CE58003D7E3B /* CustomCVCell.swift in Sources */ = {isa = PBXBuildFile; fileRef = C5CD98402B08CE58003D7E3B /* CustomCVCell.swift */; };
/* End PBXBuildFile section */

/* Begin PBXFileReference section */
		C5CD98182B075CC5003D7E3B /* perepisyvau.app */ = {isa = PBXFileReference; explicitFileType = wrapper.application; includeInIndex = 0; path = perepisyvau.app; sourceTree = BUILT_PRODUCTS_DIR; };
		C5CD981B2B075CC5003D7E3B /* AppDelegate.swift */ = {isa = PBXFileReference; lastKnownFileType = sourcecode.swift; path = AppDelegate.swift; sourceTree = "<group>"; };
		C5CD981D2B075CC5003D7E3B /* SceneDelegate.swift */ = {isa = PBXFileReference; lastKnownFileType = sourcecode.swift; path = SceneDelegate.swift; sourceTree = "<group>"; };
		C5CD981F2B075CC5003D7E3B /* DetailsViewController.swift */ = {isa = PBXFileReference; lastKnownFileType = sourcecode.swift; path = DetailsViewController.swift; sourceTree = "<group>"; };
		C5CD98222B075CC5003D7E3B /* Base */ = {isa = PBXFileReference; lastKnownFileType = file.storyboard; name = Base; path = Base.lproj/Main.storyboard; sourceTree = "<group>"; };
		C5CD98242B075CC7003D7E3B /* Assets.xcassets */ = {isa = PBXFileReference; lastKnownFileType = folder.assetcatalog; path = Assets.xcassets; sourceTree = "<group>"; };
		C5CD98272B075CC7003D7E3B /* Base */ = {isa = PBXFileReference; lastKnownFileType = file.storyboard; name = Base; path = Base.lproj/LaunchScreen.storyboard; sourceTree = "<group>"; };
		C5CD98292B075CC7003D7E3B /* Info.plist */ = {isa = PBXFileReference; lastKnownFileType = text.plist.xml; path = Info.plist; sourceTree = "<group>"; };
		C5CD98302B075CF7003D7E3B /* Drink.swift */ = {isa = PBXFileReference; lastKnownFileType = sourcecode.swift; path = Drink.swift; sourceTree = "<group>"; };
		C5CD98332B07625B003D7E3B /* NetworkManager.swift */ = {isa = PBXFileReference; lastKnownFileType = sourcecode.swift; path = NetworkManager.swift; sourceTree = "<group>"; };
		C5CD983C2B079146003D7E3B /* CustomCell.swift */ = {isa = PBXFileReference; lastKnownFileType = sourcecode.swift; path = CustomCell.swift; sourceTree = "<group>"; };
		C5CD983E2B079472003D7E3B /* MargaritesTableViewController.swift */ = {isa = PBXFileReference; lastKnownFileType = sourcecode.swift; path = MargaritesTableViewController.swift; sourceTree = "<group>"; };
		C5CD98402B08CE58003D7E3B /* CustomCVCell.swift */ = {isa = PBXFileReference; lastKnownFileType = sourcecode.swift; path = CustomCVCell.swift; sourceTree = "<group>"; };
/* End PBXFileReference section */

/* Begin PBXFrameworksBuildPhase section */
		C5CD98152B075CC5003D7E3B /* Frameworks */ = {
			isa = PBXFrameworksBuildPhase;
			buildActionMask = 2147483647;
			files = (
			);
			runOnlyForDeploymentPostprocessing = 0;
		};
/* End PBXFrameworksBuildPhase section */

/* Begin PBXGroup section */
		C5CD980F2B075CC5003D7E3B = {
			isa = PBXGroup;
			children = (
				C5CD981A2B075CC5003D7E3B /* perepisyvau */,
				C5CD98192B075CC5003D7E3B /* Products */,
			);
			sourceTree = "<group>";
		};
		C5CD98192B075CC5003D7E3B /* Products */ = {
			isa = PBXGroup;
			children = (
				C5CD98182B075CC5003D7E3B /* perepisyvau.app */,
			);
			name = Products;
			sourceTree = "<group>";
		};
		C5CD981A2B075CC5003D7E3B /* perepisyvau */ = {
			isa = PBXGroup;
			children = (
				C5CD98442B0A989A003D7E3B /* App */,
				C5CD98322B076243003D7E3B /* NetworkManager */,
				C5CD982F2B075CE1003D7E3B /* Model */,
				C5CD98432B0A9850003D7E3B /* ViewControllers */,
				C5CD98372B07811E003D7E3B /* Views */,
				C5CD98422B0A982B003D7E3B /* Storyboards */,
				C5CD98452B0A98AD003D7E3B /* Resorces */,
			);
			path = perepisyvau;
			sourceTree = "<group>";
		};
		C5CD982F2B075CE1003D7E3B /* Model */ = {
			isa = PBXGroup;
			children = (
				C5CD98302B075CF7003D7E3B /* Drink.swift */,
			);
			path = Model;
			sourceTree = "<group>";
		};
		C5CD98322B076243003D7E3B /* NetworkManager */ = {
			isa = PBXGroup;
			children = (
				C5CD98332B07625B003D7E3B /* NetworkManager.swift */,
			);
			path = NetworkManager;
			sourceTree = "<group>";
		};
		C5CD98372B07811E003D7E3B /* Views */ = {
			isa = PBXGroup;
			children = (
				C5CD983C2B079146003D7E3B /* CustomCell.swift */,
				C5CD98402B08CE58003D7E3B /* CustomCVCell.swift */,
			);
			path = Views;
			sourceTree = "<group>";
		};
		C5CD98422B0A982B003D7E3B /* Storyboards */ = {
			isa = PBXGroup;
			children = (
				C5CD98212B075CC5003D7E3B /* Main.storyboard */,
				C5CD98262B075CC7003D7E3B /* LaunchScreen.storyboard */,
			);
			path = Storyboards;
			sourceTree = "<group>";
		};
		C5CD98432B0A9850003D7E3B /* ViewControllers */ = {
			isa = PBXGroup;
			children = (
				C5CD981F2B075CC5003D7E3B /* DetailsViewController.swift */,
				C5CD983E2B079472003D7E3B /* MargaritesTableViewController.swift */,
			);
			path = ViewControllers;
			sourceTree = "<group>";
		};
		C5CD98442B0A989A003D7E3B /* App */ = {
			isa = PBXGroup;
			children = (
				C5CD981B2B075CC5003D7E3B /* AppDelegate.swift */,
				C5CD981D2B075CC5003D7E3B /* SceneDelegate.swift */,
				C5CD98292B075CC7003D7E3B /* Info.plist */,
			);
			path = App;
			sourceTree = "<group>";
		};
		C5CD98452B0A98AD003D7E3B /* Resorces */ = {
			isa = PBXGroup;
			children = (
				C5CD98242B075CC7003D7E3B /* Assets.xcassets */,
			);
			path = Resorces;
			sourceTree = "<group>";
		};
/* End PBXGroup section */

/* Begin PBXNativeTarget section */
		C5CD98172B075CC5003D7E3B /* perepisyvau */ = {
			isa = PBXNativeTarget;
			buildConfigurationList = C5CD982C2B075CC7003D7E3B /* Build configuration list for PBXNativeTarget "perepisyvau" */;
			buildPhases = (
				C5CD98142B075CC5003D7E3B /* Sources */,
				C5CD98152B075CC5003D7E3B /* Frameworks */,
				C5CD98162B075CC5003D7E3B /* Resources */,
			);
			buildRules = (
			);
			dependencies = (
			);
			name = perepisyvau;
			productName = perepisyvau;
			productReference = C5CD98182B075CC5003D7E3B /* perepisyvau.app */;
			productType = "com.apple.product-type.application";
		};
/* End PBXNativeTarget section */

/* Begin PBXProject section */
		C5CD98102B075CC5003D7E3B /* Project object */ = {
			isa = PBXProject;
			attributes = {
				BuildIndependentTargetsInParallel = 1;
				LastSwiftUpdateCheck = 1500;
				LastUpgradeCheck = 1500;
				TargetAttributes = {
					C5CD98172B075CC5003D7E3B = {
						CreatedOnToolsVersion = 15.0.1;
					};
				};
			};
			buildConfigurationList = C5CD98132B075CC5003D7E3B /* Build configuration list for PBXProject "perepisyvau" */;
			compatibilityVersion = "Xcode 14.0";
			developmentRegion = en;
			hasScannedForEncodings = 0;
			knownRegions = (
				en,
				Base,
			);
			mainGroup = C5CD980F2B075CC5003D7E3B;
			productRefGroup = C5CD98192B075CC5003D7E3B /* Products */;
			projectDirPath = "";
			projectRoot = "";
			targets = (
				C5CD98172B075CC5003D7E3B /* perepisyvau */,
			);
		};
/* End PBXProject section */

/* Begin PBXResourcesBuildPhase section */
		C5CD98162B075CC5003D7E3B /* Resources */ = {
			isa = PBXResourcesBuildPhase;
			buildActionMask = 2147483647;
			files = (
				C5CD98282B075CC7003D7E3B /* LaunchScreen.storyboard in Resources */,
				C5CD98252B075CC7003D7E3B /* Assets.xcassets in Resources */,
				C5CD98232B075CC5003D7E3B /* Main.storyboard in Resources */,
			);
			runOnlyForDeploymentPostprocessing = 0;
		};
/* End PBXResourcesBuildPhase section */

/* Begin PBXSourcesBuildPhase section */
		C5CD98142B075CC5003D7E3B /* Sources */ = {
			isa = PBXSourcesBuildPhase;
			buildActionMask = 2147483647;
			files = (
				C5CD98202B075CC5003D7E3B /* DetailsViewController.swift in Sources */,
				C5CD983D2B079146003D7E3B /* CustomCell.swift in Sources */,
				C5CD981C2B075CC5003D7E3B /* AppDelegate.swift in Sources */,
				C5CD98342B07625B003D7E3B /* NetworkManager.swift in Sources */,
				C5CD98412B08CE58003D7E3B /* CustomCVCell.swift in Sources */,
				C5CD983F2B079472003D7E3B /* MargaritesTableViewController.swift in Sources */,
				C5CD98312B075CF7003D7E3B /* Drink.swift in Sources */,
				C5CD981E2B075CC5003D7E3B /* SceneDelegate.swift in Sources */,
			);
			runOnlyForDeploymentPostprocessing = 0;
		};
/* End PBXSourcesBuildPhase section */

/* Begin PBXVariantGroup section */
		C5CD98212B075CC5003D7E3B /* Main.storyboard */ = {
			isa = PBXVariantGroup;
			children = (
				C5CD98222B075CC5003D7E3B /* Base */,
			);
			name = Main.storyboard;
			sourceTree = "<group>";
		};
		C5CD98262B075CC7003D7E3B /* LaunchScreen.storyboard */ = {
			isa = PBXVariantGroup;
			children = (
				C5CD98272B075CC7003D7E3B /* Base */,
			);
			name = LaunchScreen.storyboard;
			sourceTree = "<group>";
		};
/* End PBXVariantGroup section */

/* Begin XCBuildConfiguration section */
		C5CD982A2B075CC7003D7E3B /* Debug */ = {
			isa = XCBuildConfiguration;
			buildSettings = {
				ALWAYS_SEARCH_USER_PATHS = NO;
				ASSETCATALOG_COMPILER_GENERATE_SWIFT_ASSET_SYMBOL_EXTENSIONS = YES;
				CLANG_ANALYZER_NONNULL = YES;
				CLANG_ANALYZER_NUMBER_OBJECT_CONVERSION = YES_AGGRESSIVE;
				CLANG_CXX_LANGUAGE_STANDARD = "gnu++20";
				CLANG_ENABLE_MODULES = YES;
				CLANG_ENABLE_OBJC_ARC = YES;
				CLANG_ENABLE_OBJC_WEAK = YES;
				CLANG_WARN_BLOCK_CAPTURE_AUTORELEASING = YES;
				CLANG_WARN_BOOL_CONVERSION = YES;
				CLANG_WARN_COMMA = YES;
				CLANG_WARN_CONSTANT_CONVERSION = YES;
				CLANG_WARN_DEPRECATED_OBJC_IMPLEMENTATIONS = YES;
				CLANG_WARN_DIRECT_OBJC_ISA_USAGE = YES_ERROR;
				CLANG_WARN_DOCUMENTATION_COMMENTS = YES;
				CLANG_WARN_EMPTY_BODY = YES;
				CLANG_WARN_ENUM_CONVERSION = YES;
				CLANG_WARN_INFINITE_RECURSION = YES;
				CLANG_WARN_INT_CONVERSION = YES;
				CLANG_WARN_NON_LITERAL_NULL_CONVERSION = YES;
				CLANG_WARN_OBJC_IMPLICIT_RETAIN_SELF = YES;
				CLANG_WARN_OBJC_LITERAL_CONVERSION = YES;
				CLANG_WARN_OBJC_ROOT_CLASS = YES_ERROR;
				CLANG_WARN_QUOTED_INCLUDE_IN_FRAMEWORK_HEADER = YES;
				CLANG_WARN_RANGE_LOOP_ANALYSIS = YES;
				CLANG_WARN_STRICT_PROTOTYPES = YES;
				CLANG_WARN_SUSPICIOUS_MOVE = YES;
				CLANG_WARN_UNGUARDED_AVAILABILITY = YES_AGGRESSIVE;
				CLANG_WARN_UNREACHABLE_CODE = YES;
				CLANG_WARN__DUPLICATE_METHOD_MATCH = YES;
				COPY_PHASE_STRIP = NO;
				DEBUG_INFORMATION_FORMAT = dwarf;
				ENABLE_STRICT_OBJC_MSGSEND = YES;
				ENABLE_TESTABILITY = YES;
				ENABLE_USER_SCRIPT_SANDBOXING = YES;
				GCC_C_LANGUAGE_STANDARD = gnu17;
				GCC_DYNAMIC_NO_PIC = NO;
				GCC_NO_COMMON_BLOCKS = YES;
				GCC_OPTIMIZATION_LEVEL = 0;
				GCC_PREPROCESSOR_DEFINITIONS = (
					"DEBUG=1",
					"$(inherited)",
				);
				GCC_WARN_64_TO_32_BIT_CONVERSION = YES;
				GCC_WARN_ABOUT_RETURN_TYPE = YES_ERROR;
				GCC_WARN_UNDECLARED_SELECTOR = YES;
				GCC_WARN_UNINITIALIZED_AUTOS = YES_AGGRESSIVE;
				GCC_WARN_UNUSED_FUNCTION = YES;
				GCC_WARN_UNUSED_VARIABLE = YES;
				IPHONEOS_DEPLOYMENT_TARGET = 17.0;
				LOCALIZATION_PREFERS_STRING_CATALOGS = YES;
				MTL_ENABLE_DEBUG_INFO = INCLUDE_SOURCE;
				MTL_FAST_MATH = YES;
				ONLY_ACTIVE_ARCH = YES;
				SDKROOT = iphoneos;
				SWIFT_ACTIVE_COMPILATION_CONDITIONS = "DEBUG $(inherited)";
				SWIFT_OPTIMIZATION_LEVEL = "-Onone";
			};
			name = Debug;
		};
		C5CD982B2B075CC7003D7E3B /* Release */ = {
			isa = XCBuildConfiguration;
			buildSettings = {
				ALWAYS_SEARCH_USER_PATHS = NO;
				ASSETCATALOG_COMPILER_GENERATE_SWIFT_ASSET_SYMBOL_EXTENSIONS = YES;
				CLANG_ANALYZER_NONNULL = YES;
				CLANG_ANALYZER_NUMBER_OBJECT_CONVERSION = YES_AGGRESSIVE;
				CLANG_CXX_LANGUAGE_STANDARD = "gnu++20";
				CLANG_ENABLE_MODULES = YES;
				CLANG_ENABLE_OBJC_ARC = YES;
				CLANG_ENABLE_OBJC_WEAK = YES;
				CLANG_WARN_BLOCK_CAPTURE_AUTORELEASING = YES;
				CLANG_WARN_BOOL_CONVERSION = YES;
				CLANG_WARN_COMMA = YES;
				CLANG_WARN_CONSTANT_CONVERSION = YES;
				CLANG_WARN_DEPRECATED_OBJC_IMPLEMENTATIONS = YES;
				CLANG_WARN_DIRECT_OBJC_ISA_USAGE = YES_ERROR;
				CLANG_WARN_DOCUMENTATION_COMMENTS = YES;
				CLANG_WARN_EMPTY_BODY = YES;
				CLANG_WARN_ENUM_CONVERSION = YES;
				CLANG_WARN_INFINITE_RECURSION = YES;
				CLANG_WARN_INT_CONVERSION = YES;
				CLANG_WARN_NON_LITERAL_NULL_CONVERSION = YES;
				CLANG_WARN_OBJC_IMPLICIT_RETAIN_SELF = YES;
				CLANG_WARN_OBJC_LITERAL_CONVERSION = YES;
				CLANG_WARN_OBJC_ROOT_CLASS = YES_ERROR;
				CLANG_WARN_QUOTED_INCLUDE_IN_FRAMEWORK_HEADER = YES;
				CLANG_WARN_RANGE_LOOP_ANALYSIS = YES;
				CLANG_WARN_STRICT_PROTOTYPES = YES;
				CLANG_WARN_SUSPICIOUS_MOVE = YES;
				CLANG_WARN_UNGUARDED_AVAILABILITY = YES_AGGRESSIVE;
				CLANG_WARN_UNREACHABLE_CODE = YES;
				CLANG_WARN__DUPLICATE_METHOD_MATCH = YES;
				COPY_PHASE_STRIP = NO;
				DEBUG_INFORMATION_FORMAT = "dwarf-with-dsym";
				ENABLE_NS_ASSERTIONS = NO;
				ENABLE_STRICT_OBJC_MSGSEND = YES;
				ENABLE_USER_SCRIPT_SANDBOXING = YES;
				GCC_C_LANGUAGE_STANDARD = gnu17;
				GCC_NO_COMMON_BLOCKS = YES;
				GCC_WARN_64_TO_32_BIT_CONVERSION = YES;
				GCC_WARN_ABOUT_RETURN_TYPE = YES_ERROR;
				GCC_WARN_UNDECLARED_SELECTOR = YES;
				GCC_WARN_UNINITIALIZED_AUTOS = YES_AGGRESSIVE;
				GCC_WARN_UNUSED_FUNCTION = YES;
				GCC_WARN_UNUSED_VARIABLE = YES;
				IPHONEOS_DEPLOYMENT_TARGET = 17.0;
				LOCALIZATION_PREFERS_STRING_CATALOGS = YES;
				MTL_ENABLE_DEBUG_INFO = NO;
				MTL_FAST_MATH = YES;
				SDKROOT = iphoneos;
				SWIFT_COMPILATION_MODE = wholemodule;
				VALIDATE_PRODUCT = YES;
			};
			name = Release;
		};
		C5CD982D2B075CC7003D7E3B /* Debug */ = {
			isa = XCBuildConfiguration;
			buildSettings = {
				ASSETCATALOG_COMPILER_APPICON_NAME = AppIcon;
				ASSETCATALOG_COMPILER_GLOBAL_ACCENT_COLOR_NAME = AccentColor;
				CODE_SIGN_STYLE = Automatic;
				CURRENT_PROJECT_VERSION = 1;
				DEVELOPMENT_TEAM = 88PMY4A464;
				GENERATE_INFOPLIST_FILE = YES;
				INFOPLIST_FILE = perepisyvau/app/Info.plist;
				INFOPLIST_KEY_UIApplicationSupportsIndirectInputEvents = YES;
				INFOPLIST_KEY_UILaunchStoryboardName = LaunchScreen;
				INFOPLIST_KEY_UIMainStoryboardFile = Main;
				INFOPLIST_KEY_UISupportedInterfaceOrientations_iPad = "UIInterfaceOrientationPortrait UIInterfaceOrientationPortraitUpsideDown UIInterfaceOrientationLandscapeLeft UIInterfaceOrientationLandscapeRight";
				INFOPLIST_KEY_UISupportedInterfaceOrientations_iPhone = "UIInterfaceOrientationPortrait UIInterfaceOrientationLandscapeLeft UIInterfaceOrientationLandscapeRight";
				LD_RUNPATH_SEARCH_PATHS = (
					"$(inherited)",
					"@executable_path/Frameworks",
				);
				MARKETING_VERSION = 1.0;
				PRODUCT_BUNDLE_IDENTIFIER = dstashkov.perepisyvau;
				PRODUCT_NAME = "$(TARGET_NAME)";
				SUPPORTED_PLATFORMS = "iphoneos iphonesimulator";
				SUPPORTS_MACCATALYST = NO;
				SUPPORTS_MAC_DESIGNED_FOR_IPHONE_IPAD = NO;
				SWIFT_EMIT_LOC_STRINGS = YES;
				SWIFT_VERSION = 5.0;
				TARGETED_DEVICE_FAMILY = 1;
			};
			name = Debug;
		};
		C5CD982E2B075CC7003D7E3B /* Release */ = {
			isa = XCBuildConfiguration;
			buildSettings = {
				ASSETCATALOG_COMPILER_APPICON_NAME = AppIcon;
				ASSETCATALOG_COMPILER_GLOBAL_ACCENT_COLOR_NAME = AccentColor;
				CODE_SIGN_STYLE = Automatic;
				CURRENT_PROJECT_VERSION = 1;
				DEVELOPMENT_TEAM = 88PMY4A464;
				GENERATE_INFOPLIST_FILE = YES;
				INFOPLIST_FILE = perepisyvau/app/Info.plist;
				INFOPLIST_KEY_UIApplicationSupportsIndirectInputEvents = YES;
				INFOPLIST_KEY_UILaunchStoryboardName = LaunchScreen;
				INFOPLIST_KEY_UIMainStoryboardFile = Main;
				INFOPLIST_KEY_UISupportedInterfaceOrientations_iPad = "UIInterfaceOrientationPortrait UIInterfaceOrientationPortraitUpsideDown UIInterfaceOrientationLandscapeLeft UIInterfaceOrientationLandscapeRight";
				INFOPLIST_KEY_UISupportedInterfaceOrientations_iPhone = "UIInterfaceOrientationPortrait UIInterfaceOrientationLandscapeLeft UIInterfaceOrientationLandscapeRight";
				LD_RUNPATH_SEARCH_PATHS = (
					"$(inherited)",
					"@executable_path/Frameworks",
				);
				MARKETING_VERSION = 1.0;
				PRODUCT_BUNDLE_IDENTIFIER = dstashkov.perepisyvau;
				PRODUCT_NAME = "$(TARGET_NAME)";
				SUPPORTED_PLATFORMS = "iphoneos iphonesimulator";
				SUPPORTS_MACCATALYST = NO;
				SUPPORTS_MAC_DESIGNED_FOR_IPHONE_IPAD = NO;
				SWIFT_EMIT_LOC_STRINGS = YES;
				SWIFT_VERSION = 5.0;
				TARGETED_DEVICE_FAMILY = 1;
			};
			name = Release;
		};
/* End XCBuildConfiguration section */

/* Begin XCConfigurationList section */
		C5CD98132B075CC5003D7E3B /* Build configuration list for PBXProject "perepisyvau" */ = {
			isa = XCConfigurationList;
			buildConfigurations = (
				C5CD982A2B075CC7003D7E3B /* Debug */,
				C5CD982B2B075CC7003D7E3B /* Release */,
			);
			defaultConfigurationIsVisible = 0;
			defaultConfigurationName = Release;
		};
		C5CD982C2B075CC7003D7E3B /* Build configuration list for PBXNativeTarget "perepisyvau" */ = {
			isa = XCConfigurationList;
			buildConfigurations = (
				C5CD982D2B075CC7003D7E3B /* Debug */,
				C5CD982E2B075CC7003D7E3B /* Release */,
			);
			defaultConfigurationIsVisible = 0;
			defaultConfigurationName = Release;
		};
/* End XCConfigurationList section */
	};
	rootObject = C5CD98102B075CC5003D7E3B /* Project object */;
}
